
Microsoft Visual Studio Solution File, Format Version 12.00
# Visual Studio Version 17
VisualStudioVersion = 17.10.35004.147
MinimumVisualStudioVersion = 10.0.40219.1
Project("{9A19103F-16F7-4668-BE54-9A1E7A4F7556}") = "Foody.EntityLayer", "Foody.EntityLayer\Foody.EntityLayer.csproj", "{180623C9-13AF-48AB-B68D-3029A92E2E77}"
EndProject
Project("{9A19103F-16F7-4668-BE54-9A1E7A4F7556}") = "Foody.DataAccessLayer", "Foody.DataAccessLayer\Foody.DataAccessLayer.csproj", "{AD2EC7AB-1572-47A8-95AB-67B62F45E424}"
EndProject
Project("{FAE04EC0-301F-11D3-BF4B-00C04F79EFBC}") = "Foody.BusinessLayer", "Foody.BusinessLayer\Foody.BusinessLayer.csproj", "{A0061DA2-40C6-495C-9CCE-C692B20516BF}"
EndProject
Project("{FAE04EC0-301F-11D3-BF4B-00C04F79EFBC}") = "Foody.PresentationLayer", "Foody.PresentationLayer\Foody.PresentationLayer.csproj", "{AD2C564E-38DB-409F-A68C-3DA2D7B14CDE}"
EndProject
Global
	GlobalSection(SolutionConfigurationPlatforms) = preSolution
		Debug|Any CPU = Debug|Any CPU
		Release|Any CPU = Release|Any CPU
	EndGlobalSection
	GlobalSection(ProjectConfigurationPlatforms) = postSolution
		{180623C9-13AF-48AB-B68D-3029A92E2E77}.Debug|Any CPU.ActiveCfg = Debug|Any CPU
		{180623C9-13AF-48AB-B68D-3029A92E2E77}.Debug|Any CPU.Build.0 = Debug|Any CPU
		{180623C9-13AF-48AB-B68D-3029A92E2E77}.Release|Any CPU.ActiveCfg = Release|Any CPU
		{180623C9-13AF-48AB-B68D-3029A92E2E77}.Release|Any CPU.Build.0 = Release|Any CPU
		{AD2EC7AB-1572-47A8-95AB-67B62F45E424}.Debug|Any CPU.ActiveCfg = Debug|Any CPU
		{AD2EC7AB-1572-47A8-95AB-67B62F45E424}.Debug|Any CPU.Build.0 = Debug|Any CPU
		{AD2EC7AB-1572-47A8-95AB-67B62F45E424}.Release|Any CPU.ActiveCfg = Release|Any CPU
		{AD2EC7AB-1572-47A8-95AB-67B62F45E424}.Release|Any CPU.Build.0 = Release|Any CPU
		{A0061DA2-40C6-495C-9CCE-C692B20516BF}.Debug|Any CPU.ActiveCfg = Debug|Any CPU
		{A0061DA2-40C6-495C-9CCE-C692B20516BF}.Debug|Any CPU.Build.0 = Debug|Any CPU
		{A0061DA2-40C6-495C-9CCE-C692B20516BF}.Release|Any CPU.ActiveCfg = Release|Any CPU
		{A0061DA2-40C6-495C-9CCE-C692B20516BF}.Release|Any CPU.Build.0 = Release|Any CPU
		{AD2C564E-38DB-409F-A68C-3DA2D7B14CDE}.Debug|Any CPU.ActiveCfg = Debug|Any CPU
		{AD2C564E-38DB-409F-A68C-3DA2D7B14CDE}.Debug|Any CPU.Build.0 = Debug|Any CPU
		{AD2C564E-38DB-409F-A68C-3DA2D7B14CDE}.Release|Any CPU.ActiveCfg = Release|Any CPU
		{AD2C564E-38DB-409F-A68C-3DA2D7B14CDE}.Release|Any CPU.Build.0 = Release|Any CPU
	EndGlobalSection
	GlobalSection(SolutionProperties) = preSolution
		HideSolutionNode = FALSE
	EndGlobalSection
	GlobalSection(ExtensibilityGlobals) = postSolution
		SolutionGuid = {3823A373-9389-407A-A9B2-786355A44AEA}
	EndGlobalSection
EndGlobal
